
Microsoft Visual Studio Solution File, Format Version 12.00
# Visual Studio 15
VisualStudioVersion = 15.0.26730.12
MinimumVisualStudioVersion = 10.0.40219.1
Project("{FAE04EC0-301F-11D3-BF4B-00C04F79EFBC}") = "Income", "Income\Income.csproj", "{C6D35ADD-FACE-4BCE-A792-11E4E1FF092A}"
EndProject
Project("{2150E333-8FDC-42A3-9474-1A3956D46DE8}") = "Solution Items", "Solution Items", "{F28ED425-799F-4B32-9FFE-45B7C3B41D32}"
EndProject
Global
	GlobalSection(SolutionConfigurationPlatforms) = preSolution
		Debug|Any CPU = Debug|Any CPU
		Release|Any CPU = Release|Any CPU
	EndGlobalSection
	GlobalSection(ProjectConfigurationPlatforms) = postSolution
		{C6D35ADD-FACE-4BCE-A792-11E4E1FF092A}.Debug|Any CPU.ActiveCfg = Debug|Any CPU
		{C6D35ADD-FACE-4BCE-A792-11E4E1FF092A}.Debug|Any CPU.Build.0 = Debug|Any CPU
		{C6D35ADD-FACE-4BCE-A792-11E4E1FF092A}.Release|Any CPU.ActiveCfg = Release|Any CPU
		{C6D35ADD-FACE-4BCE-A792-11E4E1FF092A}.Release|Any CPU.Build.0 = Release|Any CPU
	EndGlobalSection
	GlobalSection(SolutionProperties) = preSolution
		HideSolutionNode = FALSE
	EndGlobalSection
	GlobalSection(ExtensibilityGlobals) = postSolution
		SolutionGuid = {06CAF5C6-E6E6-49D6-A4DA-E9BB58B60FEF}
	EndGlobalSection
EndGlobal
